
Microsoft Visual Studio Solution File, Format Version 12.00
# Visual Studio Version 16
VisualStudioVersion = 16.0.30413.136
MinimumVisualStudioVersion = 10.0.40219.1
Project("{9A19103F-16F7-4668-BE54-9A1E7A4F7556}") = "cchulo.App.PortfolioBlog", "cchulo.App\cchulo.App.PortfolioBlog.csproj", "{DE71F939-31D7-4FA3-A640-D62C28A1CEC0}"
EndProject
Global
	GlobalSection(SolutionConfigurationPlatforms) = preSolution
		Debug|Any CPU = Debug|Any CPU
		Release|Any CPU = Release|Any CPU
	EndGlobalSection
	GlobalSection(ProjectConfigurationPlatforms) = postSolution
		{DE71F939-31D7-4FA3-A640-D62C28A1CEC0}.Debug|Any CPU.ActiveCfg = Debug|Any CPU
		{DE71F939-31D7-4FA3-A640-D62C28A1CEC0}.Debug|Any CPU.Build.0 = Debug|Any CPU
		{DE71F939-31D7-4FA3-A640-D62C28A1CEC0}.Release|Any CPU.ActiveCfg = Release|Any CPU
		{DE71F939-31D7-4FA3-A640-D62C28A1CEC0}.Release|Any CPU.Build.0 = Release|Any CPU
	EndGlobalSection
	GlobalSection(SolutionProperties) = preSolution
		HideSolutionNode = FALSE
	EndGlobalSection
	GlobalSection(ExtensibilityGlobals) = postSolution
		SolutionGuid = {AFE5C1DD-33E8-4FA7-BB9E-D5E6A57380F6}
	EndGlobalSection
EndGlobal
